
Microsoft Visual Studio Solution File, Format Version 12.00
# Visual Studio Version 17
VisualStudioVersion = 17.7.34031.279
MinimumVisualStudioVersion = 10.0.40219.1
Project("{FAE04EC0-301F-11D3-BF4B-00C04F79EFBC}") = "MonstersClass", "MonstersClass\MonstersClass.csproj", "{D30DDD9A-E23E-428F-B670-9D903755B0A1}"
EndProject
Global
	GlobalSection(SolutionConfigurationPlatforms) = preSolution
		Debug|Any CPU = Debug|Any CPU
		Release|Any CPU = Release|Any CPU
	EndGlobalSection
	GlobalSection(ProjectConfigurationPlatforms) = postSolution
		{D30DDD9A-E23E-428F-B670-9D903755B0A1}.Debug|Any CPU.ActiveCfg = Debug|Any CPU
		{D30DDD9A-E23E-428F-B670-9D903755B0A1}.Debug|Any CPU.Build.0 = Debug|Any CPU
		{D30DDD9A-E23E-428F-B670-9D903755B0A1}.Release|Any CPU.ActiveCfg = Release|Any CPU
		{D30DDD9A-E23E-428F-B670-9D903755B0A1}.Release|Any CPU.Build.0 = Release|Any CPU
	EndGlobalSection
	GlobalSection(SolutionProperties) = preSolution
		HideSolutionNode = FALSE
	EndGlobalSection
	GlobalSection(ExtensibilityGlobals) = postSolution
		SolutionGuid = {961A201A-2CA5-4392-BED6-797D3DC12034}
	EndGlobalSection
EndGlobal
